
Microsoft Visual Studio Solution File, Format Version 12.00
# Visual Studio Version 17
VisualStudioVersion = 17.7.34031.279
MinimumVisualStudioVersion = 10.0.40219.1
Project("{FAE04EC0-301F-11D3-BF4B-00C04F79EFBC}") = "калькулятор", "калькулятор.csproj", "{35872986-5E24-490C-AA29-D14D2C1FCD16}"
EndProject
Global
	GlobalSection(SolutionConfigurationPlatforms) = preSolution
		Debug|Any CPU = Debug|Any CPU
		Release|Any CPU = Release|Any CPU
	EndGlobalSection
	GlobalSection(ProjectConfigurationPlatforms) = postSolution
		{35872986-5E24-490C-AA29-D14D2C1FCD16}.Debug|Any CPU.ActiveCfg = Debug|Any CPU
		{35872986-5E24-490C-AA29-D14D2C1FCD16}.Debug|Any CPU.Build.0 = Debug|Any CPU
		{35872986-5E24-490C-AA29-D14D2C1FCD16}.Release|Any CPU.ActiveCfg = Release|Any CPU
		{35872986-5E24-490C-AA29-D14D2C1FCD16}.Release|Any CPU.Build.0 = Release|Any CPU
	EndGlobalSection
	GlobalSection(SolutionProperties) = preSolution
		HideSolutionNode = FALSE
	EndGlobalSection
	GlobalSection(ExtensibilityGlobals) = postSolution
		SolutionGuid = {3EB4D37E-F2D3-4009-9C66-364FCE3DEC67}
	EndGlobalSection
EndGlobal
